
Microsoft Visual Studio Solution File, Format Version 12.00
# Visual Studio Version 17
VisualStudioVersion = 17.0.31912.275
MinimumVisualStudioVersion = 10.0.40219.1
Project("{888888A0-9F3D-457C-B088-3A5042F75D52}") = "SImulated_Annealing_Global_Min", "SImulated_Annealing_Global_Min.pyproj", "{CA875A0F-6CF0-4501-AD29-9B2A505A4D76}"
EndProject
Global
	GlobalSection(SolutionConfigurationPlatforms) = preSolution
		Debug|Any CPU = Debug|Any CPU
		Release|Any CPU = Release|Any CPU
	EndGlobalSection
	GlobalSection(ProjectConfigurationPlatforms) = postSolution
		{CA875A0F-6CF0-4501-AD29-9B2A505A4D76}.Debug|Any CPU.ActiveCfg = Debug|Any CPU
		{CA875A0F-6CF0-4501-AD29-9B2A505A4D76}.Release|Any CPU.ActiveCfg = Release|Any CPU
	EndGlobalSection
	GlobalSection(SolutionProperties) = preSolution
		HideSolutionNode = FALSE
	EndGlobalSection
	GlobalSection(ExtensibilityGlobals) = postSolution
		SolutionGuid = {E3AEE3C8-419B-4B3B-A905-F08630C4C0D3}
	EndGlobalSection
EndGlobal
